
Microsoft Visual Studio Solution File, Format Version 12.00
# Visual Studio 15
VisualStudioVersion = 15.0.28307.1169
MinimumVisualStudioVersion = 10.0.40219.1
Project("{FAE04EC0-301F-11D3-BF4B-00C04F79EFBC}") = "SeverSharedWebsites", "SeverSharedWebsites\SeverSharedWebsites.csproj", "{39C92557-B076-4EB5-815D-DC0A43DA0619}"
EndProject
Global
	GlobalSection(SolutionConfigurationPlatforms) = preSolution
		Debug|Any CPU = Debug|Any CPU
		Release|Any CPU = Release|Any CPU
	EndGlobalSection
	GlobalSection(ProjectConfigurationPlatforms) = postSolution
		{39C92557-B076-4EB5-815D-DC0A43DA0619}.Debug|Any CPU.ActiveCfg = Debug|Any CPU
		{39C92557-B076-4EB5-815D-DC0A43DA0619}.Debug|Any CPU.Build.0 = Debug|Any CPU
		{39C92557-B076-4EB5-815D-DC0A43DA0619}.Release|Any CPU.ActiveCfg = Release|Any CPU
		{39C92557-B076-4EB5-815D-DC0A43DA0619}.Release|Any CPU.Build.0 = Release|Any CPU
	EndGlobalSection
	GlobalSection(SolutionProperties) = preSolution
		HideSolutionNode = FALSE
	EndGlobalSection
	GlobalSection(ExtensibilityGlobals) = postSolution
		SolutionGuid = {E6A05623-A61D-4F9C-A7FD-89E0E2936CD7}
	EndGlobalSection
EndGlobal
