
Microsoft Visual Studio Solution File, Format Version 12.00
# Visual Studio 15
VisualStudioVersion = 15.0.28307.1169
MinimumVisualStudioVersion = 10.0.40219.1
Project("{FAE04EC0-301F-11D3-BF4B-00C04F79EFBC}") = "ProxyLover", "ProxyLover\ProxyLover.csproj", "{8525FDD1-5D67-4B46-AA01-B62BC6B6C7A1}"
EndProject
Global
	GlobalSection(SolutionConfigurationPlatforms) = preSolution
		Debug|Any CPU = Debug|Any CPU
		Release|Any CPU = Release|Any CPU
	EndGlobalSection
	GlobalSection(ProjectConfigurationPlatforms) = postSolution
		{8525FDD1-5D67-4B46-AA01-B62BC6B6C7A1}.Debug|Any CPU.ActiveCfg = Debug|Any CPU
		{8525FDD1-5D67-4B46-AA01-B62BC6B6C7A1}.Debug|Any CPU.Build.0 = Debug|Any CPU
		{8525FDD1-5D67-4B46-AA01-B62BC6B6C7A1}.Release|Any CPU.ActiveCfg = Release|Any CPU
		{8525FDD1-5D67-4B46-AA01-B62BC6B6C7A1}.Release|Any CPU.Build.0 = Release|Any CPU
	EndGlobalSection
	GlobalSection(SolutionProperties) = preSolution
		HideSolutionNode = FALSE
	EndGlobalSection
	GlobalSection(ExtensibilityGlobals) = postSolution
		SolutionGuid = {C1B60912-7ECD-4059-A5AB-54AF13335C9F}
	EndGlobalSection
EndGlobal
