
Microsoft Visual Studio Solution File, Format Version 12.00
# Visual Studio 15
VisualStudioVersion = 15.0.28307.1169
MinimumVisualStudioVersion = 10.0.40219.1
Project("{FAE04EC0-301F-11D3-BF4B-00C04F79EFBC}") = "BarbecueSale", "BarbecueSale\BarbecueSale.csproj", "{AB92E9CC-C521-441D-A836-A20663783EEC}"
EndProject
Global
	GlobalSection(SolutionConfigurationPlatforms) = preSolution
		Debug|Any CPU = Debug|Any CPU
		Release|Any CPU = Release|Any CPU
	EndGlobalSection
	GlobalSection(ProjectConfigurationPlatforms) = postSolution
		{AB92E9CC-C521-441D-A836-A20663783EEC}.Debug|Any CPU.ActiveCfg = Debug|Any CPU
		{AB92E9CC-C521-441D-A836-A20663783EEC}.Debug|Any CPU.Build.0 = Debug|Any CPU
		{AB92E9CC-C521-441D-A836-A20663783EEC}.Release|Any CPU.ActiveCfg = Release|Any CPU
		{AB92E9CC-C521-441D-A836-A20663783EEC}.Release|Any CPU.Build.0 = Release|Any CPU
	EndGlobalSection
	GlobalSection(SolutionProperties) = preSolution
		HideSolutionNode = FALSE
	EndGlobalSection
	GlobalSection(ExtensibilityGlobals) = postSolution
		SolutionGuid = {17126125-8E9E-44E5-8302-E140BC1BCD2C}
	EndGlobalSection
EndGlobal
