
Microsoft Visual Studio Solution File, Format Version 12.00
# Visual Studio 15
VisualStudioVersion = 15.0.28307.1169
MinimumVisualStudioVersion = 10.0.40219.1
Project("{FAE04EC0-301F-11D3-BF4B-00C04F79EFBC}") = "BuyTickets", "BuyTickets\BuyTickets.csproj", "{AD028635-BC88-4AA0-B566-E24B9F39A967}"
EndProject
Global
	GlobalSection(SolutionConfigurationPlatforms) = preSolution
		Debug|Any CPU = Debug|Any CPU
		Release|Any CPU = Release|Any CPU
	EndGlobalSection
	GlobalSection(ProjectConfigurationPlatforms) = postSolution
		{AD028635-BC88-4AA0-B566-E24B9F39A967}.Debug|Any CPU.ActiveCfg = Debug|Any CPU
		{AD028635-BC88-4AA0-B566-E24B9F39A967}.Debug|Any CPU.Build.0 = Debug|Any CPU
		{AD028635-BC88-4AA0-B566-E24B9F39A967}.Release|Any CPU.ActiveCfg = Release|Any CPU
		{AD028635-BC88-4AA0-B566-E24B9F39A967}.Release|Any CPU.Build.0 = Release|Any CPU
	EndGlobalSection
	GlobalSection(SolutionProperties) = preSolution
		HideSolutionNode = FALSE
	EndGlobalSection
	GlobalSection(ExtensibilityGlobals) = postSolution
		SolutionGuid = {E52B66B9-69DC-4E95-9340-4EC66478B178}
	EndGlobalSection
EndGlobal
